# This file is autogenerated, do not edit; changes may be undone by the next 'dep ensure'.


[[projects]]
  branch = "master"
  name = "github.com/wirepair/gcd"
  packages = [
    ".",
    "gcdapi",
    "gcdmessage"
  ]
  revision = "ac18d2d88eeca41b55a8aa909962e21bde8c0578"

[[projects]]
  branch = "master"
  name = "golang.org/x/net"
  packages = ["websocket"]
  revision = "cbe0f9307d0156177f9dd5dc85da1a31abc5f2fb"

[solve-meta]
  analyzer-name = "dep"
  analyzer-version = 1
  inputs-digest = "a1a6bf0b7074b682aa653392bf970f4203ed59ebfd2798073d6fb0ae1524e80c"
  solver-name = "gps-cdcl"
  solver-version = 1
