# This file is autogenerated, do not edit; changes may be undone by the next 'dep ensure'.


[[projects]]
  branch = "master"
  name = "github.com/wirepair/gcd"
  packages = [
    ".",
    "gcdapi",
    "gcdmessage"
  ]
  revision = "3231a1db3b2236110c12850400000c9624168272"

[[projects]]
  branch = "master"
  name = "golang.org/x/net"
  packages = ["websocket"]
  revision = "4cb1c02c05b0e749b0365f61ae859a8e0cfceed9"

[solve-meta]
  analyzer-name = "dep"
  analyzer-version = 1
  inputs-digest = "a1a6bf0b7074b682aa653392bf970f4203ed59ebfd2798073d6fb0ae1524e80c"
  solver-name = "gps-cdcl"
  solver-version = 1
