# This file is autogenerated, do not edit; changes may be undone by the next 'dep ensure'.


[[projects]]
  branch = "master"
  name = "github.com/wirepair/gcd"
  packages = [
    ".",
    "gcdapi",
    "gcdmessage"
  ]
  revision = "daea95af954a7d99b9c8fdb669a6d6626087cafa"

[[projects]]
  branch = "master"
  name = "golang.org/x/net"
  packages = ["websocket"]
  revision = "5f9ae10d9af5b1c89ae6904293b14b064d4ada23"

[solve-meta]
  analyzer-name = "dep"
  analyzer-version = 1
  inputs-digest = "a1a6bf0b7074b682aa653392bf970f4203ed59ebfd2798073d6fb0ae1524e80c"
  solver-name = "gps-cdcl"
  solver-version = 1
